
Microsoft Visual Studio Solution File, Format Version 12.00
# Visual Studio 15
VisualStudioVersion = 15.0.26730.16
MinimumVisualStudioVersion = 10.0.40219.1
Project("{FAE04EC0-301F-11D3-BF4B-00C04F79EFBC}") = "MyMD5", "MyMD5\MyMD5.csproj", "{56A5CAFC-8B00-4207-917E-392FE44A6C1F}"
EndProject
Global
	GlobalSection(SolutionConfigurationPlatforms) = preSolution
		Debug|Any CPU = Debug|Any CPU
		Release|Any CPU = Release|Any CPU
	EndGlobalSection
	GlobalSection(ProjectConfigurationPlatforms) = postSolution
		{56A5CAFC-8B00-4207-917E-392FE44A6C1F}.Debug|Any CPU.ActiveCfg = Debug|Any CPU
		{56A5CAFC-8B00-4207-917E-392FE44A6C1F}.Debug|Any CPU.Build.0 = Debug|Any CPU
		{56A5CAFC-8B00-4207-917E-392FE44A6C1F}.Release|Any CPU.ActiveCfg = Release|Any CPU
		{56A5CAFC-8B00-4207-917E-392FE44A6C1F}.Release|Any CPU.Build.0 = Release|Any CPU
	EndGlobalSection
	GlobalSection(SolutionProperties) = preSolution
		HideSolutionNode = FALSE
	EndGlobalSection
	GlobalSection(ExtensibilityGlobals) = postSolution
		SolutionGuid = {1E86B7DB-EA6A-45E9-9E54-E094C536BA36}
	EndGlobalSection
EndGlobal
